
Microsoft Visual Studio Solution File, Format Version 12.00
# Visual Studio Version 17
VisualStudioVersion = 17.0.32014.148
MinimumVisualStudioVersion = 10.0.40219.1
Project("{8BC9CEB8-8B4A-11D0-8D11-00A0C91BC942}") = "OpenGL Voxels", "OpenGL Voxels\OpenGL Voxels.vcxproj", "{9B40ABB6-5CFD-4938-B90C-DEB2D0535A08}"
EndProject
Global
	GlobalSection(SolutionConfigurationPlatforms) = preSolution
		Debug|x64 = Debug|x64
		Debug|x86 = Debug|x86
		Release|x64 = Release|x64
		Release|x86 = Release|x86
	EndGlobalSection
	GlobalSection(ProjectConfigurationPlatforms) = postSolution
		{9B40ABB6-5CFD-4938-B90C-DEB2D0535A08}.Debug|x64.ActiveCfg = Debug|x64
		{9B40ABB6-5CFD-4938-B90C-DEB2D0535A08}.Debug|x64.Build.0 = Debug|x64
		{9B40ABB6-5CFD-4938-B90C-DEB2D0535A08}.Debug|x86.ActiveCfg = Debug|Win32
		{9B40ABB6-5CFD-4938-B90C-DEB2D0535A08}.Debug|x86.Build.0 = Debug|Win32
		{9B40ABB6-5CFD-4938-B90C-DEB2D0535A08}.Release|x64.ActiveCfg = Release|x64
		{9B40ABB6-5CFD-4938-B90C-DEB2D0535A08}.Release|x64.Build.0 = Release|x64
		{9B40ABB6-5CFD-4938-B90C-DEB2D0535A08}.Release|x86.ActiveCfg = Release|Win32
		{9B40ABB6-5CFD-4938-B90C-DEB2D0535A08}.Release|x86.Build.0 = Release|Win32
	EndGlobalSection
	GlobalSection(SolutionProperties) = preSolution
		HideSolutionNode = FALSE
	EndGlobalSection
	GlobalSection(ExtensibilityGlobals) = postSolution
		SolutionGuid = {F563F2B0-0134-4FDA-BFB1-E2A14B646CB2}
	EndGlobalSection
EndGlobal
